github.com/go-gl/glfw/v3.3/glfw v0.0.0-20240307211618-a69d953ea142 h1:/4YI5K2b16JtP2cL4D2xDNvH/ESm2ZbGJ0VsudkHJ5s=
github.com/go-gl/glfw/v3.3/glfw v0.0.0-20240307211618-a69d953ea142/go.mod h1:tQ2UAYgL5IevRw8kRxooKSPJfGvJ9fJQFa0TUsXzTg8=
github.com/vulkan-go/asche v0.0.0-20190912134304-d4b318b67e07 h1:QIXP1nx5b+YZt1cKDP5SR/89tRXrLxWslBBFBvH/+Y0=
github.com/vulkan-go/asche v0.0.0-20190912134304-d4b318b67e07/go.mod h1:fIbNY6YffQRtdF22h26OXRprI/BGOWPKlxJWtNC78OA=
github.com/vulkan-go/vulkan v0.0.0-20221209234627-c0a353ae26c8 h1:qPHDyQTLtn40kezY6y4UL7bH7Z0Im9wSu1tQtM2wbUU=
github.com/vulkan-go/vulkan v0.0.0-20221209234627-c0a353ae26c8/go.mod h1:Y5Ti1uUBdKDsb0W8aPtIo9krs+29Y7p6Bc9yyy4AM6g=
github.com/xlab/closer v1.1.0 h1:yrDiOXjd/B7pZ3lZkl/EZ1gWrR2M2N5XpBnixynm4mc=
github.com/xlab/closer v1.1.0/go.mod h1:Ff8YcUPbn5jju6nClrMCmJHQABM0S/obEK0za/1yVMk=
github.com/xlab/linmath v0.0.0-20220922225318-40b6290c3b40 h1:FmU7+0eD5GaZzxlbNxVMiC7th7/7qHtskrkWt0ltFkU=
github.com/xlab/linmath v0.0.0-20220922225318-40b6290c3b40/go.mod h1:W1rLjlRa7JX2fcoZ4tb3ZkxuwI6pEX/JkDLPxe1/R1g=
